// !$*UTF8*$!
{
	archiveVersion = 1;
	classes = {
	};
	objectVersion = 50;
	objects = {

/* Begin PBXBuildFile section */
		C18F0F3B2600CF5900E2C837 /* EventHelper.swift in Sources */ = {isa = PBXBuildFile; fileRef = C18F0F3A2600CF5900E2C837 /* EventHelper.swift */; };
		C1B4081E25FA5A2E0022A0DC /* AppDelegate.swift in Sources */ = {isa = PBXBuildFile; fileRef = C1B4081D25FA5A2E0022A0DC /* AppDelegate.swift */; };
		C1B4082025FA5A2E0022A0DC /* StartViewController.swift in Sources */ = {isa = PBXBuildFile; fileRef = C1B4081F25FA5A2E0022A0DC /* StartViewController.swift */; };
		C1B4082325FA5A2E0022A0DC /* Main.storyboard in Resources */ = {isa = PBXBuildFile; fileRef = C1B4082125FA5A2E0022A0DC /* Main.storyboard */; };
		C1B4082525FA5A390022A0DC /* Assets.xcassets in Resources */ = {isa = PBXBuildFile; fileRef = C1B4082425FA5A390022A0DC /* Assets.xcassets */; };
		C1B4082825FA5A390022A0DC /* LaunchScreen.storyboard in Resources */ = {isa = PBXBuildFile; fileRef = C1B4082625FA5A390022A0DC /* LaunchScreen.storyboard */; };
		C1B4083025FA650E0022A0DC /* InfoViewController.swift in Sources */ = {isa = PBXBuildFile; fileRef = C1B4082F25FA650E0022A0DC /* InfoViewController.swift */; };
/* End PBXBuildFile section */

/* Begin PBXFileReference section */
		C18F0F3A2600CF5900E2C837 /* EventHelper.swift */ = {isa = PBXFileReference; lastKnownFileType = sourcecode.swift; path = EventHelper.swift; sourceTree = "<group>"; };
		C1B4081A25FA5A2E0022A0DC /* Sushi Ninja.app */ = {isa = PBXFileReference; explicitFileType = wrapper.application; includeInIndex = 0; path = "Sushi Ninja.app"; sourceTree = BUILT_PRODUCTS_DIR; };
		C1B4081D25FA5A2E0022A0DC /* AppDelegate.swift */ = {isa = PBXFileReference; lastKnownFileType = sourcecode.swift; path = AppDelegate.swift; sourceTree = "<group>"; };
		C1B4081F25FA5A2E0022A0DC /* StartViewController.swift */ = {isa = PBXFileReference; lastKnownFileType = sourcecode.swift; path = StartViewController.swift; sourceTree = "<group>"; };
		C1B4082225FA5A2E0022A0DC /* Base */ = {isa = PBXFileReference; lastKnownFileType = file.storyboard; name = Base; path = Base.lproj/Main.storyboard; sourceTree = "<group>"; };
		C1B4082425FA5A390022A0DC /* Assets.xcassets */ = {isa = PBXFileReference; lastKnownFileType = folder.assetcatalog; path = Assets.xcassets; sourceTree = "<group>"; };
		C1B4082725FA5A390022A0DC /* Base */ = {isa = PBXFileReference; lastKnownFileType = file.storyboard; name = Base; path = Base.lproj/LaunchScreen.storyboard; sourceTree = "<group>"; };
		C1B4082925FA5A390022A0DC /* Info.plist */ = {isa = PBXFileReference; lastKnownFileType = text.plist.xml; path = Info.plist; sourceTree = "<group>"; };
		C1B4082F25FA650E0022A0DC /* InfoViewController.swift */ = {isa = PBXFileReference; lastKnownFileType = sourcecode.swift; path = InfoViewController.swift; sourceTree = "<group>"; };
/* End PBXFileReference section */

/* Begin PBXFrameworksBuildPhase section */
		C1B4081725FA5A2E0022A0DC /* Frameworks */ = {
			isa = PBXFrameworksBuildPhase;
			buildActionMask = 2147483647;
			files = (
			);
			runOnlyForDeploymentPostprocessing = 0;
		};
/* End PBXFrameworksBuildPhase section */

/* Begin PBXGroup section */
		C1B4081125FA5A2D0022A0DC = {
			isa = PBXGroup;
			children = (
				C1B4081C25FA5A2E0022A0DC /* Sushi Ninja */,
				C1B4081B25FA5A2E0022A0DC /* Products */,
			);
			sourceTree = "<group>";
		};
		C1B4081B25FA5A2E0022A0DC /* Products */ = {
			isa = PBXGroup;
			children = (
				C1B4081A25FA5A2E0022A0DC /* Sushi Ninja.app */,
			);
			name = Products;
			sourceTree = "<group>";
		};
		C1B4081C25FA5A2E0022A0DC /* Sushi Ninja */ = {
			isa = PBXGroup;
			children = (
				C1B4081D25FA5A2E0022A0DC /* AppDelegate.swift */,
				C1B4081F25FA5A2E0022A0DC /* StartViewController.swift */,
				C1B4082125FA5A2E0022A0DC /* Main.storyboard */,
				C1B4082F25FA650E0022A0DC /* InfoViewController.swift */,
				C18F0F3A2600CF5900E2C837 /* EventHelper.swift */,
				C1B4082425FA5A390022A0DC /* Assets.xcassets */,
				C1B4082625FA5A390022A0DC /* LaunchScreen.storyboard */,
				C1B4082925FA5A390022A0DC /* Info.plist */,
			);
			path = "Sushi Ninja";
			sourceTree = "<group>";
		};
/* End PBXGroup section */

/* Begin PBXNativeTarget section */
		C1B4081925FA5A2E0022A0DC /* Sushi Ninja */ = {
			isa = PBXNativeTarget;
			buildConfigurationList = C1B4082C25FA5A390022A0DC /* Build configuration list for PBXNativeTarget "Sushi Ninja" */;
			buildPhases = (
				C1B4081625FA5A2E0022A0DC /* Sources */,
				C1B4081725FA5A2E0022A0DC /* Frameworks */,
				C1B4081825FA5A2E0022A0DC /* Resources */,
			);
			buildRules = (
			);
			dependencies = (
			);
			name = "Sushi Ninja";
			productName = "Sushi Ninja";
			productReference = C1B4081A25FA5A2E0022A0DC /* Sushi Ninja.app */;
			productType = "com.apple.product-type.application";
		};
/* End PBXNativeTarget section */

/* Begin PBXProject section */
		C1B4081225FA5A2D0022A0DC /* Project object */ = {
			isa = PBXProject;
			attributes = {
				LastSwiftUpdateCheck = 1010;
				LastUpgradeCheck = 1010;
				ORGANIZATIONNAME = Yajnavalkya;
				TargetAttributes = {
					C1B4081925FA5A2E0022A0DC = {
						CreatedOnToolsVersion = 10.1;
					};
				};
			};
			buildConfigurationList = C1B4081525FA5A2D0022A0DC /* Build configuration list for PBXProject "Sushi Ninja" */;
			compatibilityVersion = "Xcode 9.3";
			developmentRegion = en;
			hasScannedForEncodings = 0;
			knownRegions = (
				en,
				Base,
			);
			mainGroup = C1B4081125FA5A2D0022A0DC;
			productRefGroup = C1B4081B25FA5A2E0022A0DC /* Products */;
			projectDirPath = "";
			projectRoot = "";
			targets = (
				C1B4081925FA5A2E0022A0DC /* Sushi Ninja */,
			);
		};
/* End PBXProject section */

/* Begin PBXResourcesBuildPhase section */
		C1B4081825FA5A2E0022A0DC /* Resources */ = {
			isa = PBXResourcesBuildPhase;
			buildActionMask = 2147483647;
			files = (
				C1B4082825FA5A390022A0DC /* LaunchScreen.storyboard in Resources */,
				C1B4082525FA5A390022A0DC /* Assets.xcassets in Resources */,
				C1B4082325FA5A2E0022A0DC /* Main.storyboard in Resources */,
			);
			runOnlyForDeploymentPostprocessing = 0;
		};
/* End PBXResourcesBuildPhase section */

/* Begin PBXSourcesBuildPhase section */
		C1B4081625FA5A2E0022A0DC /* Sources */ = {
			isa = PBXSourcesBuildPhase;
			buildActionMask = 2147483647;
			files = (
				C1B4082025FA5A2E0022A0DC /* StartViewController.swift in Sources */,
				C1B4083025FA650E0022A0DC /* InfoViewController.swift in Sources */,
				C18F0F3B2600CF5900E2C837 /* EventHelper.swift in Sources */,
				C1B4081E25FA5A2E0022A0DC /* AppDelegate.swift in Sources */,
			);
			runOnlyForDeploymentPostprocessing = 0;
		};
/* End PBXSourcesBuildPhase section */

/* Begin PBXVariantGroup section */
		C1B4082125FA5A2E0022A0DC /* Main.storyboard */ = {
			isa = PBXVariantGroup;
			children = (
				C1B4082225FA5A2E0022A0DC /* Base */,
			);
			name = Main.storyboard;
			sourceTree = "<group>";
		};
		C1B4082625FA5A390022A0DC /* LaunchScreen.storyboard */ = {
			isa = PBXVariantGroup;
			children = (
				C1B4082725FA5A390022A0DC /* Base */,
			);
			name = LaunchScreen.storyboard;
			sourceTree = "<group>";
		};
/* End PBXVariantGroup section */

/* Begin XCBuildConfiguration section */
		C1B4082A25FA5A390022A0DC /* Debug */ = {
			isa = XCBuildConfiguration;
			buildSettings = {
				ALWAYS_SEARCH_USER_PATHS = NO;
				CLANG_ANALYZER_NONNULL = YES;
				CLANG_ANALYZER_NUMBER_OBJECT_CONVERSION = YES_AGGRESSIVE;
				CLANG_CXX_LANGUAGE_STANDARD = "gnu++14";
				CLANG_CXX_LIBRARY = "libc++";
				CLANG_ENABLE_MODULES = YES;
				CLANG_ENABLE_OBJC_ARC = YES;
				CLANG_ENABLE_OBJC_WEAK = YES;
				CLANG_WARN_BLOCK_CAPTURE_AUTORELEASING = YES;
				CLANG_WARN_BOOL_CONVERSION = YES;
				CLANG_WARN_COMMA = YES;
				CLANG_WARN_CONSTANT_CONVERSION = YES;
				CLANG_WARN_DEPRECATED_OBJC_IMPLEMENTATIONS = YES;
				CLANG_WARN_DIRECT_OBJC_ISA_USAGE = YES_ERROR;
				CLANG_WARN_DOCUMENTATION_COMMENTS = YES;
				CLANG_WARN_EMPTY_BODY = YES;
				CLANG_WARN_ENUM_CONVERSION = YES;
				CLANG_WARN_INFINITE_RECURSION = YES;
				CLANG_WARN_INT_CONVERSION = YES;
				CLANG_WARN_NON_LITERAL_NULL_CONVERSION = YES;
				CLANG_WARN_OBJC_IMPLICIT_RETAIN_SELF = YES;
				CLANG_WARN_OBJC_LITERAL_CONVERSION = YES;
				CLANG_WARN_OBJC_ROOT_CLASS = YES_ERROR;
				CLANG_WARN_RANGE_LOOP_ANALYSIS = YES;
				CLANG_WARN_STRICT_PROTOTYPES = YES;
				CLANG_WARN_SUSPICIOUS_MOVE = YES;
				CLANG_WARN_UNGUARDED_AVAILABILITY = YES_AGGRESSIVE;
				CLANG_WARN_UNREACHABLE_CODE = YES;
				CLANG_WARN__DUPLICATE_METHOD_MATCH = YES;
				CODE_SIGN_IDENTITY = "iPhone Developer";
				COPY_PHASE_STRIP = NO;
				DEBUG_INFORMATION_FORMAT = dwarf;
				ENABLE_STRICT_OBJC_MSGSEND = YES;
				ENABLE_TESTABILITY = YES;
				GCC_C_LANGUAGE_STANDARD = gnu11;
				GCC_DYNAMIC_NO_PIC = NO;
				GCC_NO_COMMON_BLOCKS = YES;
				GCC_OPTIMIZATION_LEVEL = 0;
				GCC_PREPROCESSOR_DEFINITIONS = (
					"DEBUG=1",
					"$(inherited)",
				);
				GCC_WARN_64_TO_32_BIT_CONVERSION = YES;
				GCC_WARN_ABOUT_RETURN_TYPE = YES_ERROR;
				GCC_WARN_UNDECLARED_SELECTOR = YES;
				GCC_WARN_UNINITIALIZED_AUTOS = YES_AGGRESSIVE;
				GCC_WARN_UNUSED_FUNCTION = YES;
				GCC_WARN_UNUSED_VARIABLE = YES;
				IPHONEOS_DEPLOYMENT_TARGET = 12.1;
				MTL_ENABLE_DEBUG_INFO = INCLUDE_SOURCE;
				MTL_FAST_MATH = YES;
				ONLY_ACTIVE_ARCH = YES;
				SDKROOT = iphoneos;
				SWIFT_ACTIVE_COMPILATION_CONDITIONS = DEBUG;
				SWIFT_OPTIMIZATION_LEVEL = "-Onone";
			};
			name = Debug;
		};
		C1B4082B25FA5A390022A0DC /* Release */ = {
			isa = XCBuildConfiguration;
			buildSettings = {
				ALWAYS_SEARCH_USER_PATHS = NO;
				CLANG_ANALYZER_NONNULL = YES;
				CLANG_ANALYZER_NUMBER_OBJECT_CONVERSION = YES_AGGRESSIVE;
				CLANG_CXX_LANGUAGE_STANDARD = "gnu++14";
				CLANG_CXX_LIBRARY = "libc++";
				CLANG_ENABLE_MODULES = YES;
				CLANG_ENABLE_OBJC_ARC = YES;
				CLANG_ENABLE_OBJC_WEAK = YES;
				CLANG_WARN_BLOCK_CAPTURE_AUTORELEASING = YES;
				CLANG_WARN_BOOL_CONVERSION = YES;
				CLANG_WARN_COMMA = YES;
				CLANG_WARN_CONSTANT_CONVERSION = YES;
				CLANG_WARN_DEPRECATED_OBJC_IMPLEMENTATIONS = YES;
				CLANG_WARN_DIRECT_OBJC_ISA_USAGE = YES_ERROR;
				CLANG_WARN_DOCUMENTATION_COMMENTS = YES;
				CLANG_WARN_EMPTY_BODY = YES;
				CLANG_WARN_ENUM_CONVERSION = YES;
				CLANG_WARN_INFINITE_RECURSION = YES;
				CLANG_WARN_INT_CONVERSION = YES;
				CLANG_WARN_NON_LITERAL_NULL_CONVERSION = YES;
				CLANG_WARN_OBJC_IMPLICIT_RETAIN_SELF = YES;
				CLANG_WARN_OBJC_LITERAL_CONVERSION = YES;
				CLANG_WARN_OBJC_ROOT_CLASS = YES_ERROR;
				CLANG_WARN_RANGE_LOOP_ANALYSIS = YES;
				CLANG_WARN_STRICT_PROTOTYPES = YES;
				CLANG_WARN_SUSPICIOUS_MOVE = YES;
				CLANG_WARN_UNGUARDED_AVAILABILITY = YES_AGGRESSIVE;
				CLANG_WARN_UNREACHABLE_CODE = YES;
				CLANG_WARN__DUPLICATE_METHOD_MATCH = YES;
				CODE_SIGN_IDENTITY = "iPhone Developer";
				COPY_PHASE_STRIP = NO;
				DEBUG_INFORMATION_FORMAT = "dwarf-with-dsym";
				ENABLE_NS_ASSERTIONS = NO;
				ENABLE_STRICT_OBJC_MSGSEND = YES;
				GCC_C_LANGUAGE_STANDARD = gnu11;
				GCC_NO_COMMON_BLOCKS = YES;
				GCC_WARN_64_TO_32_BIT_CONVERSION = YES;
				GCC_WARN_ABOUT_RETURN_TYPE = YES_ERROR;
				GCC_WARN_UNDECLARED_SELECTOR = YES;
				GCC_WARN_UNINITIALIZED_AUTOS = YES_AGGRESSIVE;
				GCC_WARN_UNUSED_FUNCTION = YES;
				GCC_WARN_UNUSED_VARIABLE = YES;
				IPHONEOS_DEPLOYMENT_TARGET = 12.1;
				MTL_ENABLE_DEBUG_INFO = NO;
				MTL_FAST_MATH = YES;
				SDKROOT = iphoneos;
				SWIFT_COMPILATION_MODE = wholemodule;
				SWIFT_OPTIMIZATION_LEVEL = "-O";
				VALIDATE_PRODUCT = YES;
			};
			name = Release;
		};
		C1B4082D25FA5A390022A0DC /* Debug */ = {
			isa = XCBuildConfiguration;
			buildSettings = {
				ASSETCATALOG_COMPILER_APPICON_NAME = AppIcon;
				ASSETCATALOG_COMPILER_LAUNCHIMAGE_NAME = LaunchImage;
				CODE_SIGN_STYLE = Automatic;
				DEVELOPMENT_TEAM = XSB6YPP53Z;
				INFOPLIST_FILE = "Sushi Ninja/Info.plist";
				LD_RUNPATH_SEARCH_PATHS = (
					"$(inherited)",
					"@executable_path/Frameworks",
				);
				PRODUCT_BUNDLE_IDENTIFIER = "com.yajnavalkya.Sushi-Ninja";
				PRODUCT_NAME = "$(TARGET_NAME)";
				SWIFT_VERSION = 4.2;
				TARGETED_DEVICE_FAMILY = 1;
			};
			name = Debug;
		};
		C1B4082E25FA5A390022A0DC /* Release */ = {
			isa = XCBuildConfiguration;
			buildSettings = {
				ASSETCATALOG_COMPILER_APPICON_NAME = AppIcon;
				ASSETCATALOG_COMPILER_LAUNCHIMAGE_NAME = LaunchImage;
				CODE_SIGN_STYLE = Automatic;
				DEVELOPMENT_TEAM = XSB6YPP53Z;
				INFOPLIST_FILE = "Sushi Ninja/Info.plist";
				LD_RUNPATH_SEARCH_PATHS = (
					"$(inherited)",
					"@executable_path/Frameworks",
				);
				PRODUCT_BUNDLE_IDENTIFIER = "com.yajnavalkya.Sushi-Ninja";
				PRODUCT_NAME = "$(TARGET_NAME)";
				SWIFT_VERSION = 4.2;
				TARGETED_DEVICE_FAMILY = 1;
			};
			name = Release;
		};
/* End XCBuildConfiguration section */

/* Begin XCConfigurationList section */
		C1B4081525FA5A2D0022A0DC /* Build configuration list for PBXProject "Sushi Ninja" */ = {
			isa = XCConfigurationList;
			buildConfigurations = (
				C1B4082A25FA5A390022A0DC /* Debug */,
				C1B4082B25FA5A390022A0DC /* Release */,
			);
			defaultConfigurationIsVisible = 0;
			defaultConfigurationName = Release;
		};
		C1B4082C25FA5A390022A0DC /* Build configuration list for PBXNativeTarget "Sushi Ninja" */ = {
			isa = XCConfigurationList;
			buildConfigurations = (
				C1B4082D25FA5A390022A0DC /* Debug */,
				C1B4082E25FA5A390022A0DC /* Release */,
			);
			defaultConfigurationIsVisible = 0;
			defaultConfigurationName = Release;
		};
/* End XCConfigurationList section */
	};
	rootObject = C1B4081225FA5A2D0022A0DC /* Project object */;
}
